
Microsoft Visual Studio Solution File, Format Version 12.00
# Visual Studio Version 17
VisualStudioVersion = 17.0.31912.275
MinimumVisualStudioVersion = 10.0.40219.1
Project("{9A19103F-16F7-4668-BE54-9A1E7A4F7556}") = "AdventOfCode2021", "Source\AdventOfCode2021\AdventOfCode2021.csproj", "{16E907ED-C806-4544-A704-8FD64CBF7390}"
EndProject
Project("{9A19103F-16F7-4668-BE54-9A1E7A4F7556}") = "AdventOfCode2021.Tests", "Source\AdventOfCode2021.Tests\AdventOfCode2021.Tests.csproj", "{3D86B562-7B22-400D-B325-3FB5C3F4A86F}"
EndProject
Project("{9A19103F-16F7-4668-BE54-9A1E7A4F7556}") = "AdventOfCode2021.Generator", "Source\AdventOfCode2021.Generator\AdventOfCode2021.Generator.csproj", "{141AAD06-993A-4114-9213-71854C846CA7}"
EndProject
Global
	GlobalSection(SolutionConfigurationPlatforms) = preSolution
		Debug|Any CPU = Debug|Any CPU
		Release|Any CPU = Release|Any CPU
	EndGlobalSection
	GlobalSection(ProjectConfigurationPlatforms) = postSolution
		{16E907ED-C806-4544-A704-8FD64CBF7390}.Debug|Any CPU.ActiveCfg = Debug|Any CPU
		{16E907ED-C806-4544-A704-8FD64CBF7390}.Debug|Any CPU.Build.0 = Debug|Any CPU
		{16E907ED-C806-4544-A704-8FD64CBF7390}.Release|Any CPU.ActiveCfg = Release|Any CPU
		{16E907ED-C806-4544-A704-8FD64CBF7390}.Release|Any CPU.Build.0 = Release|Any CPU
		{3D86B562-7B22-400D-B325-3FB5C3F4A86F}.Debug|Any CPU.ActiveCfg = Debug|Any CPU
		{3D86B562-7B22-400D-B325-3FB5C3F4A86F}.Debug|Any CPU.Build.0 = Debug|Any CPU
		{3D86B562-7B22-400D-B325-3FB5C3F4A86F}.Release|Any CPU.ActiveCfg = Release|Any CPU
		{3D86B562-7B22-400D-B325-3FB5C3F4A86F}.Release|Any CPU.Build.0 = Release|Any CPU
		{141AAD06-993A-4114-9213-71854C846CA7}.Debug|Any CPU.ActiveCfg = Debug|Any CPU
		{141AAD06-993A-4114-9213-71854C846CA7}.Debug|Any CPU.Build.0 = Debug|Any CPU
		{141AAD06-993A-4114-9213-71854C846CA7}.Release|Any CPU.ActiveCfg = Release|Any CPU
		{141AAD06-993A-4114-9213-71854C846CA7}.Release|Any CPU.Build.0 = Release|Any CPU
	EndGlobalSection
	GlobalSection(SolutionProperties) = preSolution
		HideSolutionNode = FALSE
	EndGlobalSection
	GlobalSection(ExtensibilityGlobals) = postSolution
		SolutionGuid = {D46AA23C-5638-4453-ADF6-A47EA31AFE7E}
	EndGlobalSection
EndGlobal
